
Microsoft Visual Studio Solution File, Format Version 12.00
# Visual Studio Version 17
VisualStudioVersion = 17.4.33213.308
MinimumVisualStudioVersion = 10.0.40219.1
Project("{9A19103F-16F7-4668-BE54-9A1E7A4F7556}") = "TicketingSystem.Identity.API", "Services\Identity\TicketingSystem.Identity.API\TicketingSystem.Identity.API.csproj", "{1147C1DF-1EE8-4C22-B0ED-E29E0C4F4623}"
EndProject
Project("{2150E333-8FDC-42A3-9474-1A3956D46DE8}") = "Services", "Services", "{422F9757-7B9A-4332-B74D-2F970DB0595C}"
EndProject
Project("{2150E333-8FDC-42A3-9474-1A3956D46DE8}") = "Identity", "Identity", "{3CCEAF77-05B8-45ED-8567-A249CB310BD5}"
EndProject
Project("{9A19103F-16F7-4668-BE54-9A1E7A4F7556}") = "TicketingSystem.Identity.Domain", "Services\Identity\TicketingSystem.Identity.Domain\TicketingSystem.Identity.Domain.csproj", "{771FC208-8C53-4B0C-9DDF-012C67D8FF73}"
EndProject
Project("{9A19103F-16F7-4668-BE54-9A1E7A4F7556}") = "TicketingSystem.Identity.DataAccess", "Services\Identity\TicketingSystem.Identity.DataAccess\TicketingSystem.Identity.DataAccess.csproj", "{79ABD951-39EB-4B5F-A68D-80769CB6B583}"
EndProject
Project("{9A19103F-16F7-4668-BE54-9A1E7A4F7556}") = "TicketingSystem.Identity.Application", "Services\Identity\TicketingSystem.Identity.Application\TicketingSystem.Identity.Application.csproj", "{FC20B349-E699-4BDA-A45A-C666A3E7F119}"
EndProject
Project("{E53339B2-1760-4266-BCC7-CA923CBCF16C}") = "docker-compose", "docker-compose.dcproj", "{521E04E3-E7CA-4204-830F-802092F42E9D}"
EndProject
Global
	GlobalSection(SolutionConfigurationPlatforms) = preSolution
		Debug|Any CPU = Debug|Any CPU
		Release|Any CPU = Release|Any CPU
	EndGlobalSection
	GlobalSection(ProjectConfigurationPlatforms) = postSolution
		{1147C1DF-1EE8-4C22-B0ED-E29E0C4F4623}.Debug|Any CPU.ActiveCfg = Debug|Any CPU
		{1147C1DF-1EE8-4C22-B0ED-E29E0C4F4623}.Debug|Any CPU.Build.0 = Debug|Any CPU
		{1147C1DF-1EE8-4C22-B0ED-E29E0C4F4623}.Release|Any CPU.ActiveCfg = Release|Any CPU
		{1147C1DF-1EE8-4C22-B0ED-E29E0C4F4623}.Release|Any CPU.Build.0 = Release|Any CPU
		{771FC208-8C53-4B0C-9DDF-012C67D8FF73}.Debug|Any CPU.ActiveCfg = Debug|Any CPU
		{771FC208-8C53-4B0C-9DDF-012C67D8FF73}.Debug|Any CPU.Build.0 = Debug|Any CPU
		{771FC208-8C53-4B0C-9DDF-012C67D8FF73}.Release|Any CPU.ActiveCfg = Release|Any CPU
		{771FC208-8C53-4B0C-9DDF-012C67D8FF73}.Release|Any CPU.Build.0 = Release|Any CPU
		{79ABD951-39EB-4B5F-A68D-80769CB6B583}.Debug|Any CPU.ActiveCfg = Debug|Any CPU
		{79ABD951-39EB-4B5F-A68D-80769CB6B583}.Debug|Any CPU.Build.0 = Debug|Any CPU
		{79ABD951-39EB-4B5F-A68D-80769CB6B583}.Release|Any CPU.ActiveCfg = Release|Any CPU
		{79ABD951-39EB-4B5F-A68D-80769CB6B583}.Release|Any CPU.Build.0 = Release|Any CPU
		{FC20B349-E699-4BDA-A45A-C666A3E7F119}.Debug|Any CPU.ActiveCfg = Debug|Any CPU
		{FC20B349-E699-4BDA-A45A-C666A3E7F119}.Debug|Any CPU.Build.0 = Debug|Any CPU
		{FC20B349-E699-4BDA-A45A-C666A3E7F119}.Release|Any CPU.ActiveCfg = Release|Any CPU
		{FC20B349-E699-4BDA-A45A-C666A3E7F119}.Release|Any CPU.Build.0 = Release|Any CPU
		{521E04E3-E7CA-4204-830F-802092F42E9D}.Debug|Any CPU.ActiveCfg = Debug|Any CPU
		{521E04E3-E7CA-4204-830F-802092F42E9D}.Debug|Any CPU.Build.0 = Debug|Any CPU
		{521E04E3-E7CA-4204-830F-802092F42E9D}.Release|Any CPU.ActiveCfg = Release|Any CPU
		{521E04E3-E7CA-4204-830F-802092F42E9D}.Release|Any CPU.Build.0 = Release|Any CPU
	EndGlobalSection
	GlobalSection(SolutionProperties) = preSolution
		HideSolutionNode = FALSE
	EndGlobalSection
	GlobalSection(NestedProjects) = preSolution
		{1147C1DF-1EE8-4C22-B0ED-E29E0C4F4623} = {3CCEAF77-05B8-45ED-8567-A249CB310BD5}
		{3CCEAF77-05B8-45ED-8567-A249CB310BD5} = {422F9757-7B9A-4332-B74D-2F970DB0595C}
		{771FC208-8C53-4B0C-9DDF-012C67D8FF73} = {3CCEAF77-05B8-45ED-8567-A249CB310BD5}
		{79ABD951-39EB-4B5F-A68D-80769CB6B583} = {3CCEAF77-05B8-45ED-8567-A249CB310BD5}
		{FC20B349-E699-4BDA-A45A-C666A3E7F119} = {3CCEAF77-05B8-45ED-8567-A249CB310BD5}
	EndGlobalSection
	GlobalSection(ExtensibilityGlobals) = postSolution
		SolutionGuid = {E9183281-E94E-46BF-98AA-9DCE37FD83E6}
	EndGlobalSection
EndGlobal
