
Microsoft Visual Studio Solution File, Format Version 12.00
# Visual Studio Version 17
VisualStudioVersion = 17.4.33213.308
MinimumVisualStudioVersion = 10.0.40219.1
Project("{9A19103F-16F7-4668-BE54-9A1E7A4F7556}") = "TicketingSystem.Identity.API", "Services\Identity\TicketingSystem.Identity.API\TicketingSystem.Identity.API.csproj", "{1147C1DF-1EE8-4C22-B0ED-E29E0C4F4623}"
EndProject
Project("{2150E333-8FDC-42A3-9474-1A3956D46DE8}") = "Services", "Services", "{422F9757-7B9A-4332-B74D-2F970DB0595C}"
EndProject
Project("{2150E333-8FDC-42A3-9474-1A3956D46DE8}") = "Identity", "Identity", "{3CCEAF77-05B8-45ED-8567-A249CB310BD5}"
EndProject
Project("{9A19103F-16F7-4668-BE54-9A1E7A4F7556}") = "TicketingSystem.Identity.Domain", "Services\Identity\TicketingSystem.Identity.Domain\TicketingSystem.Identity.Domain.csproj", "{771FC208-8C53-4B0C-9DDF-012C67D8FF73}"
EndProject
Project("{9A19103F-16F7-4668-BE54-9A1E7A4F7556}") = "TicketingSystem.Identity.DataAccess", "Services\Identity\TicketingSystem.Identity.DataAccess\TicketingSystem.Identity.DataAccess.csproj", "{79ABD951-39EB-4B5F-A68D-80769CB6B583}"
EndProject
Project("{9A19103F-16F7-4668-BE54-9A1E7A4F7556}") = "TicketingSystem.Identity.Application", "Services\Identity\TicketingSystem.Identity.Application\TicketingSystem.Identity.Application.csproj", "{FC20B349-E699-4BDA-A45A-C666A3E7F119}"
EndProject
Project("{E53339B2-1760-4266-BCC7-CA923CBCF16C}") = "docker-compose", "docker-compose.dcproj", "{521E04E3-E7CA-4204-830F-802092F42E9D}"
EndProject
Project("{2150E333-8FDC-42A3-9474-1A3956D46DE8}") = "Tickets", "Tickets", "{4CAE3F0A-8350-4FEF-8E0C-313C36453285}"
EndProject
Project("{9A19103F-16F7-4668-BE54-9A1E7A4F7556}") = "TicketingSystem.Tickets.API", "Services\Tickets\TicketingSystem.Tickets.API\TicketingSystem.Tickets.API.csproj", "{8B8A5665-BBBC-41C2-80DA-85CEB5D00EE3}"
	ProjectSection(ProjectDependencies) = postProject
		{1E9A4CBD-2A2F-4519-9D0F-B9118B36ED22} = {1E9A4CBD-2A2F-4519-9D0F-B9118B36ED22}
	EndProjectSection
EndProject
Project("{9A19103F-16F7-4668-BE54-9A1E7A4F7556}") = "TicketingSystem.Tickets.Application", "Services\Tickets\TicketingSystem.Tickets.Application\TicketingSystem.Tickets.Application.csproj", "{BA38D624-B44E-46FD-93E1-A4BC5DC425E6}"
EndProject
Project("{9A19103F-16F7-4668-BE54-9A1E7A4F7556}") = "TicketingSystem.Tickets.Domain", "Services\Tickets\TicketingSystem.Tickets.Domain\TicketingSystem.Tickets.Domain.csproj", "{85AD2461-5265-4F1B-8586-FB8B37061D0A}"
EndProject
Project("{9A19103F-16F7-4668-BE54-9A1E7A4F7556}") = "TicketingSystem.Tickets.DataAccess", "Services\Tickets\TicketingSystem.Tickets.DataAccess\TicketingSystem.Tickets.DataAccess.csproj", "{1E9A4CBD-2A2F-4519-9D0F-B9118B36ED22}"
	ProjectSection(ProjectDependencies) = postProject
		{85AD2461-5265-4F1B-8586-FB8B37061D0A} = {85AD2461-5265-4F1B-8586-FB8B37061D0A}
	EndProjectSection
EndProject
Project("{2150E333-8FDC-42A3-9474-1A3956D46DE8}") = "Testing", "Testing", "{0123EC98-5A5A-46A3-A167-4B3B8B46D312}"
EndProject
Project("{FAE04EC0-301F-11D3-BF4B-00C04F79EFBC}") = "TicketingSystem.Tickets.Tests", "Testing\TicketingSystem.Tickets.Tests\TicketingSystem.Tickets.Tests.csproj", "{110D43C1-1078-46BC-935C-B0052BAC2A0E}"
EndProject
Global
	GlobalSection(SolutionConfigurationPlatforms) = preSolution
		Debug|Any CPU = Debug|Any CPU
		Release|Any CPU = Release|Any CPU
	EndGlobalSection
	GlobalSection(ProjectConfigurationPlatforms) = postSolution
		{1147C1DF-1EE8-4C22-B0ED-E29E0C4F4623}.Debug|Any CPU.ActiveCfg = Debug|Any CPU
		{1147C1DF-1EE8-4C22-B0ED-E29E0C4F4623}.Debug|Any CPU.Build.0 = Debug|Any CPU
		{1147C1DF-1EE8-4C22-B0ED-E29E0C4F4623}.Release|Any CPU.ActiveCfg = Release|Any CPU
		{1147C1DF-1EE8-4C22-B0ED-E29E0C4F4623}.Release|Any CPU.Build.0 = Release|Any CPU
		{771FC208-8C53-4B0C-9DDF-012C67D8FF73}.Debug|Any CPU.ActiveCfg = Debug|Any CPU
		{771FC208-8C53-4B0C-9DDF-012C67D8FF73}.Debug|Any CPU.Build.0 = Debug|Any CPU
		{771FC208-8C53-4B0C-9DDF-012C67D8FF73}.Release|Any CPU.ActiveCfg = Release|Any CPU
		{771FC208-8C53-4B0C-9DDF-012C67D8FF73}.Release|Any CPU.Build.0 = Release|Any CPU
		{79ABD951-39EB-4B5F-A68D-80769CB6B583}.Debug|Any CPU.ActiveCfg = Debug|Any CPU
		{79ABD951-39EB-4B5F-A68D-80769CB6B583}.Debug|Any CPU.Build.0 = Debug|Any CPU
		{79ABD951-39EB-4B5F-A68D-80769CB6B583}.Release|Any CPU.ActiveCfg = Release|Any CPU
		{79ABD951-39EB-4B5F-A68D-80769CB6B583}.Release|Any CPU.Build.0 = Release|Any CPU
		{FC20B349-E699-4BDA-A45A-C666A3E7F119}.Debug|Any CPU.ActiveCfg = Debug|Any CPU
		{FC20B349-E699-4BDA-A45A-C666A3E7F119}.Debug|Any CPU.Build.0 = Debug|Any CPU
		{FC20B349-E699-4BDA-A45A-C666A3E7F119}.Release|Any CPU.ActiveCfg = Release|Any CPU
		{FC20B349-E699-4BDA-A45A-C666A3E7F119}.Release|Any CPU.Build.0 = Release|Any CPU
		{521E04E3-E7CA-4204-830F-802092F42E9D}.Debug|Any CPU.ActiveCfg = Debug|Any CPU
		{521E04E3-E7CA-4204-830F-802092F42E9D}.Debug|Any CPU.Build.0 = Debug|Any CPU
		{521E04E3-E7CA-4204-830F-802092F42E9D}.Release|Any CPU.ActiveCfg = Release|Any CPU
		{521E04E3-E7CA-4204-830F-802092F42E9D}.Release|Any CPU.Build.0 = Release|Any CPU
		{8B8A5665-BBBC-41C2-80DA-85CEB5D00EE3}.Debug|Any CPU.ActiveCfg = Debug|Any CPU
		{8B8A5665-BBBC-41C2-80DA-85CEB5D00EE3}.Debug|Any CPU.Build.0 = Debug|Any CPU
		{8B8A5665-BBBC-41C2-80DA-85CEB5D00EE3}.Release|Any CPU.ActiveCfg = Release|Any CPU
		{8B8A5665-BBBC-41C2-80DA-85CEB5D00EE3}.Release|Any CPU.Build.0 = Release|Any CPU
		{BA38D624-B44E-46FD-93E1-A4BC5DC425E6}.Debug|Any CPU.ActiveCfg = Debug|Any CPU
		{BA38D624-B44E-46FD-93E1-A4BC5DC425E6}.Debug|Any CPU.Build.0 = Debug|Any CPU
		{BA38D624-B44E-46FD-93E1-A4BC5DC425E6}.Release|Any CPU.ActiveCfg = Release|Any CPU
		{BA38D624-B44E-46FD-93E1-A4BC5DC425E6}.Release|Any CPU.Build.0 = Release|Any CPU
		{85AD2461-5265-4F1B-8586-FB8B37061D0A}.Debug|Any CPU.ActiveCfg = Debug|Any CPU
		{85AD2461-5265-4F1B-8586-FB8B37061D0A}.Debug|Any CPU.Build.0 = Debug|Any CPU
		{85AD2461-5265-4F1B-8586-FB8B37061D0A}.Release|Any CPU.ActiveCfg = Release|Any CPU
		{85AD2461-5265-4F1B-8586-FB8B37061D0A}.Release|Any CPU.Build.0 = Release|Any CPU
		{1E9A4CBD-2A2F-4519-9D0F-B9118B36ED22}.Debug|Any CPU.ActiveCfg = Debug|Any CPU
		{1E9A4CBD-2A2F-4519-9D0F-B9118B36ED22}.Debug|Any CPU.Build.0 = Debug|Any CPU
		{1E9A4CBD-2A2F-4519-9D0F-B9118B36ED22}.Release|Any CPU.ActiveCfg = Release|Any CPU
		{1E9A4CBD-2A2F-4519-9D0F-B9118B36ED22}.Release|Any CPU.Build.0 = Release|Any CPU
		{110D43C1-1078-46BC-935C-B0052BAC2A0E}.Debug|Any CPU.ActiveCfg = Debug|Any CPU
		{110D43C1-1078-46BC-935C-B0052BAC2A0E}.Debug|Any CPU.Build.0 = Debug|Any CPU
		{110D43C1-1078-46BC-935C-B0052BAC2A0E}.Release|Any CPU.ActiveCfg = Release|Any CPU
		{110D43C1-1078-46BC-935C-B0052BAC2A0E}.Release|Any CPU.Build.0 = Release|Any CPU
	EndGlobalSection
	GlobalSection(SolutionProperties) = preSolution
		HideSolutionNode = FALSE
	EndGlobalSection
	GlobalSection(NestedProjects) = preSolution
		{1147C1DF-1EE8-4C22-B0ED-E29E0C4F4623} = {3CCEAF77-05B8-45ED-8567-A249CB310BD5}
		{3CCEAF77-05B8-45ED-8567-A249CB310BD5} = {422F9757-7B9A-4332-B74D-2F970DB0595C}
		{771FC208-8C53-4B0C-9DDF-012C67D8FF73} = {3CCEAF77-05B8-45ED-8567-A249CB310BD5}
		{79ABD951-39EB-4B5F-A68D-80769CB6B583} = {3CCEAF77-05B8-45ED-8567-A249CB310BD5}
		{FC20B349-E699-4BDA-A45A-C666A3E7F119} = {3CCEAF77-05B8-45ED-8567-A249CB310BD5}
		{4CAE3F0A-8350-4FEF-8E0C-313C36453285} = {422F9757-7B9A-4332-B74D-2F970DB0595C}
		{8B8A5665-BBBC-41C2-80DA-85CEB5D00EE3} = {4CAE3F0A-8350-4FEF-8E0C-313C36453285}
		{BA38D624-B44E-46FD-93E1-A4BC5DC425E6} = {4CAE3F0A-8350-4FEF-8E0C-313C36453285}
		{85AD2461-5265-4F1B-8586-FB8B37061D0A} = {4CAE3F0A-8350-4FEF-8E0C-313C36453285}
		{1E9A4CBD-2A2F-4519-9D0F-B9118B36ED22} = {4CAE3F0A-8350-4FEF-8E0C-313C36453285}
		{110D43C1-1078-46BC-935C-B0052BAC2A0E} = {0123EC98-5A5A-46A3-A167-4B3B8B46D312}
	EndGlobalSection
	GlobalSection(ExtensibilityGlobals) = postSolution
		SolutionGuid = {E9183281-E94E-46BF-98AA-9DCE37FD83E6}
	EndGlobalSection
EndGlobal
